
Microsoft Visual Studio Solution File, Format Version 12.00
# Visual Studio Version 16
VisualStudioVersion = 16.0.30320.27
MinimumVisualStudioVersion = 10.0.40219.1
Project("{FAE04EC0-301F-11D3-BF4B-00C04F79EFBC}") = "zadaniye1", "zadaniye1\zadaniye1.csproj", "{407C8B3B-5973-4730-BA48-8615B001DC1A}"
EndProject
Global
	GlobalSection(SolutionConfigurationPlatforms) = preSolution
		Debug|Any CPU = Debug|Any CPU
		Release|Any CPU = Release|Any CPU
	EndGlobalSection
	GlobalSection(ProjectConfigurationPlatforms) = postSolution
		{407C8B3B-5973-4730-BA48-8615B001DC1A}.Debug|Any CPU.ActiveCfg = Debug|Any CPU
		{407C8B3B-5973-4730-BA48-8615B001DC1A}.Debug|Any CPU.Build.0 = Debug|Any CPU
		{407C8B3B-5973-4730-BA48-8615B001DC1A}.Release|Any CPU.ActiveCfg = Release|Any CPU
		{407C8B3B-5973-4730-BA48-8615B001DC1A}.Release|Any CPU.Build.0 = Release|Any CPU
	EndGlobalSection
	GlobalSection(SolutionProperties) = preSolution
		HideSolutionNode = FALSE
	EndGlobalSection
	GlobalSection(ExtensibilityGlobals) = postSolution
		SolutionGuid = {3C54C5EC-8E58-40EB-80F0-573942138E41}
	EndGlobalSection
EndGlobal
